github.com/davecheney/pio v0.0.0-20260911022417-d378a39501eb h1:Ogpx8udPG7buiO9fJfWTW5cvfIy5Wu1F2vx6vzawBHM=
github.com/davecheney/pio v0.0.0-20260911022417-d378a39501eb/go.mod h1:wf6c6lKZp+pQOzKKcpzchmRuhiMc27ABRuo7KVnaMFU=
github.com/google/shlex v0.0.0-20191202100458-e7afc7fbc510 h1:El6M4kTTCOh6aBiKaUGG7oYTSPP8MxqL4YI3kZKwcP4=
github.com/google/shlex v0.0.0-20191202100458-e7afc7fbc510/go.mod h1:pupxD2MaaD3pAXIBCelhxNneeOaAeabZDe5s4K6zSpQ=
tinygo.org/x/drivers v0.36.0 h1:F0x342A6GWqh6abtCa57uAxCyz/b9MbGzvIVvIf+gpE=
tinygo.org/x/drivers v0.36.0/go.mod h1:DQgKyHkB4G6IEOKVTAjApbKnWGwESN91EVJO+nMOE9Y=
